// !$*UTF8*$!
{
	archiveVersion = 1;
	classes = {
	};
	objectVersion = 77;
	objects = {

/* Begin PBXBuildFile section */
		7827CAB32E42F10D00F66EAD /* FirebaseAnalyticsIdentitySupport in Frameworks */ = {isa = PBXBuildFile; productRef = 7827CAB22E42F10D00F66EAD /* FirebaseAnalyticsIdentitySupport */; };
		7898488C2E42E43B00C86EBD /* FirebaseAnalytics in Frameworks */ = {isa = PBXBuildFile; productRef = 7898488B2E42E43B00C86EBD /* FirebaseAnalytics */; };
		7898488E2E42E43B00C86EBD /* FirebaseAuth in Frameworks */ = {isa = PBXBuildFile; productRef = 7898488D2E42E43B00C86EBD /* FirebaseAuth */; };
		789848902E42E43B00C86EBD /* FirebaseDatabase in Frameworks */ = {isa = PBXBuildFile; productRef = 7898488F2E42E43B00C86EBD /* FirebaseDatabase */; };
		789848922E42E43B00C86EBD /* FirebaseFirestore in Frameworks */ = {isa = PBXBuildFile; productRef = 789848912E42E43B00C86EBD /* FirebaseFirestore */; };
		789848942E42E43B00C86EBD /* FirebaseFirestoreCombine-Community in Frameworks */ = {isa = PBXBuildFile; productRef = 789848932E42E43B00C86EBD /* FirebaseFirestoreCombine-Community */; };
		789848962E42E43B00C86EBD /* FirebaseFunctions in Frameworks */ = {isa = PBXBuildFile; productRef = 789848952E42E43B00C86EBD /* FirebaseFunctions */; };
		789848982E42E43B00C86EBD /* FirebaseStorage in Frameworks */ = {isa = PBXBuildFile; productRef = 789848972E42E43B00C86EBD /* FirebaseStorage */; };
/* End PBXBuildFile section */

/* Begin PBXContainerItemProxy section */
		78C9A1832E4197FE00DA30E4 /* PBXContainerItemProxy */ = {
			isa = PBXContainerItemProxy;
			containerPortal = 78C9A16C2E4197FC00DA30E4 /* Project object */;
			proxyType = 1;
			remoteGlobalIDString = 78C9A1732E4197FC00DA30E4;
			remoteInfo = PSLventory;
		};
		78C9A18D2E4197FE00DA30E4 /* PBXContainerItemProxy */ = {
			isa = PBXContainerItemProxy;
			containerPortal = 78C9A16C2E4197FC00DA30E4 /* Project object */;
			proxyType = 1;
			remoteGlobalIDString = 78C9A1732E4197FC00DA30E4;
			remoteInfo = PSLventory;
		};
/* End PBXContainerItemProxy section */

/* Begin PBXFileReference section */
		78C9A1742E4197FC00DA30E4 /* PSLventory.app */ = {isa = PBXFileReference; explicitFileType = wrapper.application; includeInIndex = 0; path = PSLventory.app; sourceTree = BUILT_PRODUCTS_DIR; };
		78C9A1822E4197FE00DA30E4 /* PSLventoryTests.xctest */ = {isa = PBXFileReference; explicitFileType = wrapper.cfbundle; includeInIndex = 0; path = PSLventoryTests.xctest; sourceTree = BUILT_PRODUCTS_DIR; };
		78C9A18C2E4197FE00DA30E4 /* PSLventoryUITests.xctest */ = {isa = PBXFileReference; explicitFileType = wrapper.cfbundle; includeInIndex = 0; path = PSLventoryUITests.xctest; sourceTree = BUILT_PRODUCTS_DIR; };
/* End PBXFileReference section */

/* Begin PBXFileSystemSynchronizedBuildFileExceptionSet section */
		78C9A1C42E419D3100DA30E4 /* Exceptions for "PSLventory" folder in "PSLventory" target */ = {
			isa = PBXFileSystemSynchronizedBuildFileExceptionSet;
			membershipExceptions = (
				StatsView.swift,
			);
			target = 78C9A1732E4197FC00DA30E4 /* PSLventory */;
		};
/* End PBXFileSystemSynchronizedBuildFileExceptionSet section */

/* Begin PBXFileSystemSynchronizedRootGroup section */
		78C9A1762E4197FC00DA30E4 /* PSLventory */ = {
			isa = PBXFileSystemSynchronizedRootGroup;
			exceptions = (
				78C9A1C42E419D3100DA30E4 /* Exceptions for "PSLventory" folder in "PSLventory" target */,
			);
			path = PSLventory;
			sourceTree = "<group>";
		};
		78C9A1852E4197FE00DA30E4 /* PSLventoryTests */ = {
			isa = PBXFileSystemSynchronizedRootGroup;
			path = PSLventoryTests;
			sourceTree = "<group>";
		};
		78C9A18F2E4197FE00DA30E4 /* PSLventoryUITests */ = {
			isa = PBXFileSystemSynchronizedRootGroup;
			path = PSLventoryUITests;
			sourceTree = "<group>";
		};
/* End PBXFileSystemSynchronizedRootGroup section */

/* Begin PBXFrameworksBuildPhase section */
		78C9A1712E4197FC00DA30E4 /* Frameworks */ = {
			isa = PBXFrameworksBuildPhase;
			buildActionMask = 2147483647;
			files = (
				7827CAB32E42F10D00F66EAD /* FirebaseAnalyticsIdentitySupport in Frameworks */,
				789848902E42E43B00C86EBD /* FirebaseDatabase in Frameworks */,
				789848922E42E43B00C86EBD /* FirebaseFirestore in Frameworks */,
				7898488C2E42E43B00C86EBD /* FirebaseAnalytics in Frameworks */,
				789848962E42E43B00C86EBD /* FirebaseFunctions in Frameworks */,
				789848982E42E43B00C86EBD /* FirebaseStorage in Frameworks */,
				789848942E42E43B00C86EBD /* FirebaseFirestoreCombine-Community in Frameworks */,
				7898488E2E42E43B00C86EBD /* FirebaseAuth in Frameworks */,
			);
			runOnlyForDeploymentPostprocessing = 0;
		};
		78C9A17F2E4197FE00DA30E4 /* Frameworks */ = {
			isa = PBXFrameworksBuildPhase;
			buildActionMask = 2147483647;
			files = (
			);
			runOnlyForDeploymentPostprocessing = 0;
		};
		78C9A1892E4197FE00DA30E4 /* Frameworks */ = {
			isa = PBXFrameworksBuildPhase;
			buildActionMask = 2147483647;
			files = (
			);
			runOnlyForDeploymentPostprocessing = 0;
		};
/* End PBXFrameworksBuildPhase section */

/* Begin PBXGroup section */
		78C9A16B2E4197FC00DA30E4 = {
			isa = PBXGroup;
			children = (
				78C9A1762E4197FC00DA30E4 /* PSLventory */,
				78C9A1852E4197FE00DA30E4 /* PSLventoryTests */,
				78C9A18F2E4197FE00DA30E4 /* PSLventoryUITests */,
				78C9A1752E4197FC00DA30E4 /* Products */,
			);
			sourceTree = "<group>";
		};
		78C9A1752E4197FC00DA30E4 /* Products */ = {
			isa = PBXGroup;
			children = (
				78C9A1742E4197FC00DA30E4 /* PSLventory.app */,
				78C9A1822E4197FE00DA30E4 /* PSLventoryTests.xctest */,
				78C9A18C2E4197FE00DA30E4 /* PSLventoryUITests.xctest */,
			);
			name = Products;
			sourceTree = "<group>";
		};
/* End PBXGroup section */

/* Begin PBXNativeTarget section */
		78C9A1732E4197FC00DA30E4 /* PSLventory */ = {
			isa = PBXNativeTarget;
			buildConfigurationList = 78C9A1962E4197FE00DA30E4 /* Build configuration list for PBXNativeTarget "PSLventory" */;
			buildPhases = (
				78C9A1702E4197FC00DA30E4 /* Sources */,
				78C9A1712E4197FC00DA30E4 /* Frameworks */,
				78C9A1722E4197FC00DA30E4 /* Resources */,
			);
			buildRules = (
			);
			dependencies = (
			);
			fileSystemSynchronizedGroups = (
				78C9A1762E4197FC00DA30E4 /* PSLventory */,
			);
			name = PSLventory;
			packageProductDependencies = (
				7898488B2E42E43B00C86EBD /* FirebaseAnalytics */,
				7898488D2E42E43B00C86EBD /* FirebaseAuth */,
				7898488F2E42E43B00C86EBD /* FirebaseDatabase */,
				789848912E42E43B00C86EBD /* FirebaseFirestore */,
				789848932E42E43B00C86EBD /* FirebaseFirestoreCombine-Community */,
				789848952E42E43B00C86EBD /* FirebaseFunctions */,
				789848972E42E43B00C86EBD /* FirebaseStorage */,
				7827CAB22E42F10D00F66EAD /* FirebaseAnalyticsIdentitySupport */,
			);
			productName = PSLventory;
			productReference = 78C9A1742E4197FC00DA30E4 /* PSLventory.app */;
			productType = "com.apple.product-type.application";
		};
		78C9A1812E4197FE00DA30E4 /* PSLventoryTests */ = {
			isa = PBXNativeTarget;
			buildConfigurationList = 78C9A1992E4197FE00DA30E4 /* Build configuration list for PBXNativeTarget "PSLventoryTests" */;
			buildPhases = (
				78C9A17E2E4197FE00DA30E4 /* Sources */,
				78C9A17F2E4197FE00DA30E4 /* Frameworks */,
				78C9A1802E4197FE00DA30E4 /* Resources */,
			);
			buildRules = (
			);
			dependencies = (
				78C9A1842E4197FE00DA30E4 /* PBXTargetDependency */,
			);
			fileSystemSynchronizedGroups = (
				78C9A1852E4197FE00DA30E4 /* PSLventoryTests */,
			);
			name = PSLventoryTests;
			packageProductDependencies = (
			);
			productName = PSLventoryTests;
			productReference = 78C9A1822E4197FE00DA30E4 /* PSLventoryTests.xctest */;
			productType = "com.apple.product-type.bundle.unit-test";
		};
		78C9A18B2E4197FE00DA30E4 /* PSLventoryUITests */ = {
			isa = PBXNativeTarget;
			buildConfigurationList = 78C9A19C2E4197FE00DA30E4 /* Build configuration list for PBXNativeTarget "PSLventoryUITests" */;
			buildPhases = (
				78C9A1882E4197FE00DA30E4 /* Sources */,
				78C9A1892E4197FE00DA30E4 /* Frameworks */,
				78C9A18A2E4197FE00DA30E4 /* Resources */,
			);
			buildRules = (
			);
			dependencies = (
				78C9A18E2E4197FE00DA30E4 /* PBXTargetDependency */,
			);
			fileSystemSynchronizedGroups = (
				78C9A18F2E4197FE00DA30E4 /* PSLventoryUITests */,
			);
			name = PSLventoryUITests;
			packageProductDependencies = (
			);
			productName = PSLventoryUITests;
			productReference = 78C9A18C2E4197FE00DA30E4 /* PSLventoryUITests.xctest */;
			productType = "com.apple.product-type.bundle.ui-testing";
		};
/* End PBXNativeTarget section */

/* Begin PBXProject section */
		78C9A16C2E4197FC00DA30E4 /* Project object */ = {
			isa = PBXProject;
			attributes = {
				BuildIndependentTargetsInParallel = 1;
				LastSwiftUpdateCheck = 1640;
				LastUpgradeCheck = 1640;
				TargetAttributes = {
					78C9A1732E4197FC00DA30E4 = {
						CreatedOnToolsVersion = 16.4;
					};
					78C9A1812E4197FE00DA30E4 = {
						CreatedOnToolsVersion = 16.4;
						TestTargetID = 78C9A1732E4197FC00DA30E4;
					};
					78C9A18B2E4197FE00DA30E4 = {
						CreatedOnToolsVersion = 16.4;
						TestTargetID = 78C9A1732E4197FC00DA30E4;
					};
				};
			};
			buildConfigurationList = 78C9A16F2E4197FC00DA30E4 /* Build configuration list for PBXProject "PSLventory" */;
			developmentRegion = en;
			hasScannedForEncodings = 0;
			knownRegions = (
				en,
				Base,
			);
			mainGroup = 78C9A16B2E4197FC00DA30E4;
			minimizedProjectReferenceProxies = 1;
			packageReferences = (
				7898488A2E42E43B00C86EBD /* XCRemoteSwiftPackageReference "firebase-ios-sdk" */,
			);
			preferredProjectObjectVersion = 77;
			productRefGroup = 78C9A1752E4197FC00DA30E4 /* Products */;
			projectDirPath = "";
			projectRoot = "";
			targets = (
				78C9A1732E4197FC00DA30E4 /* PSLventory */,
				78C9A1812E4197FE00DA30E4 /* PSLventoryTests */,
				78C9A18B2E4197FE00DA30E4 /* PSLventoryUITests */,
			);
		};
/* End PBXProject section */

/* Begin PBXResourcesBuildPhase section */
		78C9A1722E4197FC00DA30E4 /* Resources */ = {
			isa = PBXResourcesBuildPhase;
			buildActionMask = 2147483647;
			files = (
			);
			runOnlyForDeploymentPostprocessing = 0;
		};
		78C9A1802E4197FE00DA30E4 /* Resources */ = {
			isa = PBXResourcesBuildPhase;
			buildActionMask = 2147483647;
			files = (
			);
			runOnlyForDeploymentPostprocessing = 0;
		};
		78C9A18A2E4197FE00DA30E4 /* Resources */ = {
			isa = PBXResourcesBuildPhase;
			buildActionMask = 2147483647;
			files = (
			);
			runOnlyForDeploymentPostprocessing = 0;
		};
/* End PBXResourcesBuildPhase section */

/* Begin PBXSourcesBuildPhase section */
		78C9A1702E4197FC00DA30E4 /* Sources */ = {
			isa = PBXSourcesBuildPhase;
			buildActionMask = 2147483647;
			files = (
			);
			runOnlyForDeploymentPostprocessing = 0;
		};
		78C9A17E2E4197FE00DA30E4 /* Sources */ = {
			isa = PBXSourcesBuildPhase;
			buildActionMask = 2147483647;
			files = (
			);
			runOnlyForDeploymentPostprocessing = 0;
		};
		78C9A1882E4197FE00DA30E4 /* Sources */ = {
			isa = PBXSourcesBuildPhase;
			buildActionMask = 2147483647;
			files = (
			);
			runOnlyForDeploymentPostprocessing = 0;
		};
/* End PBXSourcesBuildPhase section */

/* Begin PBXTargetDependency section */
		78C9A1842E4197FE00DA30E4 /* PBXTargetDependency */ = {
			isa = PBXTargetDependency;
			target = 78C9A1732E4197FC00DA30E4 /* PSLventory */;
			targetProxy = 78C9A1832E4197FE00DA30E4 /* PBXContainerItemProxy */;
		};
		78C9A18E2E4197FE00DA30E4 /* PBXTargetDependency */ = {
			isa = PBXTargetDependency;
			target = 78C9A1732E4197FC00DA30E4 /* PSLventory */;
			targetProxy = 78C9A18D2E4197FE00DA30E4 /* PBXContainerItemProxy */;
		};
/* End PBXTargetDependency section */

/* Begin XCBuildConfiguration section */
		78C9A1942E4197FE00DA30E4 /* Debug */ = {
			isa = XCBuildConfiguration;
			buildSettings = {
				ALWAYS_SEARCH_USER_PATHS = NO;
				ASSETCATALOG_COMPILER_GENERATE_SWIFT_ASSET_SYMBOL_EXTENSIONS = YES;
				CLANG_ANALYZER_NONNULL = YES;
				CLANG_ANALYZER_NUMBER_OBJECT_CONVERSION = YES_AGGRESSIVE;
				CLANG_CXX_LANGUAGE_STANDARD = "gnu++20";
				CLANG_ENABLE_MODULES = YES;
				CLANG_ENABLE_OBJC_ARC = YES;
				CLANG_ENABLE_OBJC_WEAK = YES;
				CLANG_WARN_BLOCK_CAPTURE_AUTORELEASING = YES;
				CLANG_WARN_BOOL_CONVERSION = YES;
				CLANG_WARN_COMMA = YES;
				CLANG_WARN_CONSTANT_CONVERSION = YES;
				CLANG_WARN_DEPRECATED_OBJC_IMPLEMENTATIONS = YES;
				CLANG_WARN_DIRECT_OBJC_ISA_USAGE = YES_ERROR;
				CLANG_WARN_DOCUMENTATION_COMMENTS = YES;
				CLANG_WARN_EMPTY_BODY = YES;
				CLANG_WARN_ENUM_CONVERSION = YES;
				CLANG_WARN_INFINITE_RECURSION = YES;
				CLANG_WARN_INT_CONVERSION = YES;
				CLANG_WARN_NON_LITERAL_NULL_CONVERSION = YES;
				CLANG_WARN_OBJC_IMPLICIT_RETAIN_SELF = YES;
				CLANG_WARN_OBJC_LITERAL_CONVERSION = YES;
				CLANG_WARN_OBJC_ROOT_CLASS = YES_ERROR;
				CLANG_WARN_QUOTED_INCLUDE_IN_FRAMEWORK_HEADER = YES;
				CLANG_WARN_RANGE_LOOP_ANALYSIS = YES;
				CLANG_WARN_STRICT_PROTOTYPES = YES;
				CLANG_WARN_SUSPICIOUS_MOVE = YES;
				CLANG_WARN_UNGUARDED_AVAILABILITY = YES_AGGRESSIVE;
				CLANG_WARN_UNREACHABLE_CODE = YES;
				CLANG_WARN__DUPLICATE_METHOD_MATCH = YES;
				COPY_PHASE_STRIP = NO;
				DEBUG_INFORMATION_FORMAT = dwarf;
				ENABLE_STRICT_OBJC_MSGSEND = YES;
				ENABLE_TESTABILITY = YES;
				ENABLE_USER_SCRIPT_SANDBOXING = YES;
				GCC_C_LANGUAGE_STANDARD = gnu17;
				GCC_DYNAMIC_NO_PIC = NO;
				GCC_NO_COMMON_BLOCKS = YES;
				GCC_OPTIMIZATION_LEVEL = 0;
				GCC_PREPROCESSOR_DEFINITIONS = (
					"DEBUG=1",
					"$(inherited)",
				);
				GCC_WARN_64_TO_32_BIT_CONVERSION = YES;
				GCC_WARN_ABOUT_RETURN_TYPE = YES_ERROR;
				GCC_WARN_UNDECLARED_SELECTOR = YES;
				GCC_WARN_UNINITIALIZED_AUTOS = YES_AGGRESSIVE;
				GCC_WARN_UNUSED_FUNCTION = YES;
				GCC_WARN_UNUSED_VARIABLE = YES;
				LOCALIZATION_PREFERS_STRING_CATALOGS = YES;
				MTL_ENABLE_DEBUG_INFO = INCLUDE_SOURCE;
				MTL_FAST_MATH = YES;
				ONLY_ACTIVE_ARCH = YES;
				SWIFT_ACTIVE_COMPILATION_CONDITIONS = "DEBUG $(inherited)";
				SWIFT_OPTIMIZATION_LEVEL = "-Onone";
			};
			name = Debug;
		};
		78C9A1952E4197FE00DA30E4 /* Release */ = {
			isa = XCBuildConfiguration;
			buildSettings = {
				ALWAYS_SEARCH_USER_PATHS = NO;
				ASSETCATALOG_COMPILER_GENERATE_SWIFT_ASSET_SYMBOL_EXTENSIONS = YES;
				CLANG_ANALYZER_NONNULL = YES;
				CLANG_ANALYZER_NUMBER_OBJECT_CONVERSION = YES_AGGRESSIVE;
				CLANG_CXX_LANGUAGE_STANDARD = "gnu++20";
				CLANG_ENABLE_MODULES = YES;
				CLANG_ENABLE_OBJC_ARC = YES;
				CLANG_ENABLE_OBJC_WEAK = YES;
				CLANG_WARN_BLOCK_CAPTURE_AUTORELEASING = YES;
				CLANG_WARN_BOOL_CONVERSION = YES;
				CLANG_WARN_COMMA = YES;
				CLANG_WARN_CONSTANT_CONVERSION = YES;
				CLANG_WARN_DEPRECATED_OBJC_IMPLEMENTATIONS = YES;
				CLANG_WARN_DIRECT_OBJC_ISA_USAGE = YES_ERROR;
				CLANG_WARN_DOCUMENTATION_COMMENTS = YES;
				CLANG_WARN_EMPTY_BODY = YES;
				CLANG_WARN_ENUM_CONVERSION = YES;
				CLANG_WARN_INFINITE_RECURSION = YES;
				CLANG_WARN_INT_CONVERSION = YES;
				CLANG_WARN_NON_LITERAL_NULL_CONVERSION = YES;
				CLANG_WARN_OBJC_IMPLICIT_RETAIN_SELF = YES;
				CLANG_WARN_OBJC_LITERAL_CONVERSION = YES;
				CLANG_WARN_OBJC_ROOT_CLASS = YES_ERROR;
				CLANG_WARN_QUOTED_INCLUDE_IN_FRAMEWORK_HEADER = YES;
				CLANG_WARN_RANGE_LOOP_ANALYSIS = YES;
				CLANG_WARN_STRICT_PROTOTYPES = YES;
				CLANG_WARN_SUSPICIOUS_MOVE = YES;
				CLANG_WARN_UNGUARDED_AVAILABILITY = YES_AGGRESSIVE;
				CLANG_WARN_UNREACHABLE_CODE = YES;
				CLANG_WARN__DUPLICATE_METHOD_MATCH = YES;
				COPY_PHASE_STRIP = NO;
				DEBUG_INFORMATION_FORMAT = "dwarf-with-dsym";
				ENABLE_NS_ASSERTIONS = NO;
				ENABLE_STRICT_OBJC_MSGSEND = YES;
				ENABLE_USER_SCRIPT_SANDBOXING = YES;
				GCC_C_LANGUAGE_STANDARD = gnu17;
				GCC_NO_COMMON_BLOCKS = YES;
				GCC_WARN_64_TO_32_BIT_CONVERSION = YES;
				GCC_WARN_ABOUT_RETURN_TYPE = YES_ERROR;
				GCC_WARN_UNDECLARED_SELECTOR = YES;
				GCC_WARN_UNINITIALIZED_AUTOS = YES_AGGRESSIVE;
				GCC_WARN_UNUSED_FUNCTION = YES;
				GCC_WARN_UNUSED_VARIABLE = YES;
				LOCALIZATION_PREFERS_STRING_CATALOGS = YES;
				MTL_ENABLE_DEBUG_INFO = NO;
				MTL_FAST_MATH = YES;
				SWIFT_COMPILATION_MODE = wholemodule;
			};
			name = Release;
		};
		78C9A1972E4197FE00DA30E4 /* Debug */ = {
			isa = XCBuildConfiguration;
			buildSettings = {
				ASSETCATALOG_COMPILER_APPICON_NAME = AppIcon;
				ASSETCATALOG_COMPILER_GLOBAL_ACCENT_COLOR_NAME = AccentColor;
				CODE_SIGN_ENTITLEMENTS = PSLventory/PSLventory.entitlements;
				CODE_SIGN_STYLE = Automatic;
				CURRENT_PROJECT_VERSION = 1;
				DEVELOPMENT_TEAM = 69GKY9K326;
				ENABLE_PREVIEWS = YES;
				GENERATE_INFOPLIST_FILE = YES;
				"INFOPLIST_KEY_UIApplicationSceneManifest_Generation[sdk=iphoneos*]" = YES;
				"INFOPLIST_KEY_UIApplicationSceneManifest_Generation[sdk=iphonesimulator*]" = YES;
				"INFOPLIST_KEY_UIApplicationSupportsIndirectInputEvents[sdk=iphoneos*]" = YES;
				"INFOPLIST_KEY_UIApplicationSupportsIndirectInputEvents[sdk=iphonesimulator*]" = YES;
				"INFOPLIST_KEY_UILaunchScreen_Generation[sdk=iphoneos*]" = YES;
				"INFOPLIST_KEY_UILaunchScreen_Generation[sdk=iphonesimulator*]" = YES;
				"INFOPLIST_KEY_UIStatusBarStyle[sdk=iphoneos*]" = UIStatusBarStyleDefault;
				"INFOPLIST_KEY_UIStatusBarStyle[sdk=iphonesimulator*]" = UIStatusBarStyleDefault;
				INFOPLIST_KEY_UISupportedInterfaceOrientations_iPad = "UIInterfaceOrientationPortrait UIInterfaceOrientationPortraitUpsideDown UIInterfaceOrientationLandscapeLeft UIInterfaceOrientationLandscapeRight";
				INFOPLIST_KEY_UISupportedInterfaceOrientations_iPhone = "UIInterfaceOrientationPortrait UIInterfaceOrientationLandscapeLeft UIInterfaceOrientationLandscapeRight";
				IPHONEOS_DEPLOYMENT_TARGET = 18.5;
				LD_RUNPATH_SEARCH_PATHS = "@executable_path/Frameworks";
				"LD_RUNPATH_SEARCH_PATHS[sdk=macosx*]" = "@executable_path/../Frameworks";
				MACOSX_DEPLOYMENT_TARGET = 15.5;
				MARKETING_VERSION = 1.0;
				PRODUCT_BUNDLE_IDENTIFIER = com.empresa.inventario.PSLventory;
				PRODUCT_NAME = "$(TARGET_NAME)";
				REGISTER_APP_GROUPS = YES;
				SDKROOT = auto;
				SUPPORTED_PLATFORMS = "iphoneos iphonesimulator";
				SUPPORTS_MACCATALYST = NO;
				SWIFT_EMIT_LOC_STRINGS = YES;
				SWIFT_VERSION = 5.0;
				TARGETED_DEVICE_FAMILY = "1,2";
				XROS_DEPLOYMENT_TARGET = 2.5;
			};
			name = Debug;
		};
		78C9A1982E4197FE00DA30E4 /* Release */ = {
			isa = XCBuildConfiguration;
			buildSettings = {
				ASSETCATALOG_COMPILER_APPICON_NAME = AppIcon;
				ASSETCATALOG_COMPILER_GLOBAL_ACCENT_COLOR_NAME = AccentColor;
				CODE_SIGN_ENTITLEMENTS = PSLventory/PSLventory.entitlements;
				CODE_SIGN_STYLE = Automatic;
				CURRENT_PROJECT_VERSION = 1;
				DEVELOPMENT_TEAM = 69GKY9K326;
				ENABLE_PREVIEWS = YES;
				GENERATE_INFOPLIST_FILE = YES;
				"INFOPLIST_KEY_UIApplicationSceneManifest_Generation[sdk=iphoneos*]" = YES;
				"INFOPLIST_KEY_UIApplicationSceneManifest_Generation[sdk=iphonesimulator*]" = YES;
				"INFOPLIST_KEY_UIApplicationSupportsIndirectInputEvents[sdk=iphoneos*]" = YES;
				"INFOPLIST_KEY_UIApplicationSupportsIndirectInputEvents[sdk=iphonesimulator*]" = YES;
				"INFOPLIST_KEY_UILaunchScreen_Generation[sdk=iphoneos*]" = YES;
				"INFOPLIST_KEY_UILaunchScreen_Generation[sdk=iphonesimulator*]" = YES;
				"INFOPLIST_KEY_UIStatusBarStyle[sdk=iphoneos*]" = UIStatusBarStyleDefault;
				"INFOPLIST_KEY_UIStatusBarStyle[sdk=iphonesimulator*]" = UIStatusBarStyleDefault;
				INFOPLIST_KEY_UISupportedInterfaceOrientations_iPad = "UIInterfaceOrientationPortrait UIInterfaceOrientationPortraitUpsideDown UIInterfaceOrientationLandscapeLeft UIInterfaceOrientationLandscapeRight";
				INFOPLIST_KEY_UISupportedInterfaceOrientations_iPhone = "UIInterfaceOrientationPortrait UIInterfaceOrientationLandscapeLeft UIInterfaceOrientationLandscapeRight";
				IPHONEOS_DEPLOYMENT_TARGET = 18.5;
				LD_RUNPATH_SEARCH_PATHS = "@executable_path/Frameworks";
				"LD_RUNPATH_SEARCH_PATHS[sdk=macosx*]" = "@executable_path/../Frameworks";
				MACOSX_DEPLOYMENT_TARGET = 15.5;
				MARKETING_VERSION = 1.0;
				PRODUCT_BUNDLE_IDENTIFIER = com.empresa.inventario.PSLventory;
				PRODUCT_NAME = "$(TARGET_NAME)";
				REGISTER_APP_GROUPS = YES;
				SDKROOT = auto;
				SUPPORTED_PLATFORMS = "iphoneos iphonesimulator";
				SUPPORTS_MACCATALYST = NO;
				SWIFT_EMIT_LOC_STRINGS = YES;
				SWIFT_VERSION = 5.0;
				TARGETED_DEVICE_FAMILY = "1,2";
				XROS_DEPLOYMENT_TARGET = 2.5;
			};
			name = Release;
		};
		78C9A19A2E4197FE00DA30E4 /* Debug */ = {
			isa = XCBuildConfiguration;
			buildSettings = {
				BUNDLE_LOADER = "$(TEST_HOST)";
				CODE_SIGN_STYLE = Automatic;
				CURRENT_PROJECT_VERSION = 1;
				GENERATE_INFOPLIST_FILE = YES;
				IPHONEOS_DEPLOYMENT_TARGET = 18.5;
				MACOSX_DEPLOYMENT_TARGET = 15.5;
				MARKETING_VERSION = 1.0;
				PRODUCT_BUNDLE_IDENTIFIER = com.empresa.inventario.PSLventoryTests;
				PRODUCT_NAME = "$(TARGET_NAME)";
				SDKROOT = auto;
				SUPPORTED_PLATFORMS = "iphoneos iphonesimulator macosx xros xrsimulator";
				SWIFT_EMIT_LOC_STRINGS = NO;
				SWIFT_VERSION = 5.0;
				TARGETED_DEVICE_FAMILY = "1,2,7";
				TEST_HOST = "$(BUILT_PRODUCTS_DIR)/PSLventory.app/$(BUNDLE_EXECUTABLE_FOLDER_PATH)/PSLventory";
				XROS_DEPLOYMENT_TARGET = 2.5;
			};
			name = Debug;
		};
		78C9A19B2E4197FE00DA30E4 /* Release */ = {
			isa = XCBuildConfiguration;
			buildSettings = {
				BUNDLE_LOADER = "$(TEST_HOST)";
				CODE_SIGN_STYLE = Automatic;
				CURRENT_PROJECT_VERSION = 1;
				GENERATE_INFOPLIST_FILE = YES;
				IPHONEOS_DEPLOYMENT_TARGET = 18.5;
				MACOSX_DEPLOYMENT_TARGET = 15.5;
				MARKETING_VERSION = 1.0;
				PRODUCT_BUNDLE_IDENTIFIER = com.empresa.inventario.PSLventoryTests;
				PRODUCT_NAME = "$(TARGET_NAME)";
				SDKROOT = auto;
				SUPPORTED_PLATFORMS = "iphoneos iphonesimulator macosx xros xrsimulator";
				SWIFT_EMIT_LOC_STRINGS = NO;
				SWIFT_VERSION = 5.0;
				TARGETED_DEVICE_FAMILY = "1,2,7";
				TEST_HOST = "$(BUILT_PRODUCTS_DIR)/PSLventory.app/$(BUNDLE_EXECUTABLE_FOLDER_PATH)/PSLventory";
				XROS_DEPLOYMENT_TARGET = 2.5;
			};
			name = Release;
		};
		78C9A19D2E4197FE00DA30E4 /* Debug */ = {
			isa = XCBuildConfiguration;
			buildSettings = {
				CODE_SIGN_STYLE = Automatic;
				CURRENT_PROJECT_VERSION = 1;
				GENERATE_INFOPLIST_FILE = YES;
				IPHONEOS_DEPLOYMENT_TARGET = 18.5;
				MACOSX_DEPLOYMENT_TARGET = 15.5;
				MARKETING_VERSION = 1.0;
				PRODUCT_BUNDLE_IDENTIFIER = com.empresa.inventario.PSLventoryUITests;
				PRODUCT_NAME = "$(TARGET_NAME)";
				SDKROOT = auto;
				SUPPORTED_PLATFORMS = "iphoneos iphonesimulator macosx xros xrsimulator";
				SWIFT_EMIT_LOC_STRINGS = NO;
				SWIFT_VERSION = 5.0;
				TARGETED_DEVICE_FAMILY = "1,2,7";
				TEST_TARGET_NAME = PSLventory;
				XROS_DEPLOYMENT_TARGET = 2.5;
			};
			name = Debug;
		};
		78C9A19E2E4197FE00DA30E4 /* Release */ = {
			isa = XCBuildConfiguration;
			buildSettings = {
				CODE_SIGN_STYLE = Automatic;
				CURRENT_PROJECT_VERSION = 1;
				GENERATE_INFOPLIST_FILE = YES;
				IPHONEOS_DEPLOYMENT_TARGET = 18.5;
				MACOSX_DEPLOYMENT_TARGET = 15.5;
				MARKETING_VERSION = 1.0;
				PRODUCT_BUNDLE_IDENTIFIER = com.empresa.inventario.PSLventoryUITests;
				PRODUCT_NAME = "$(TARGET_NAME)";
				SDKROOT = auto;
				SUPPORTED_PLATFORMS = "iphoneos iphonesimulator macosx xros xrsimulator";
				SWIFT_EMIT_LOC_STRINGS = NO;
				SWIFT_VERSION = 5.0;
				TARGETED_DEVICE_FAMILY = "1,2,7";
				TEST_TARGET_NAME = PSLventory;
				XROS_DEPLOYMENT_TARGET = 2.5;
			};
			name = Release;
		};
/* End XCBuildConfiguration section */

/* Begin XCConfigurationList section */
		78C9A16F2E4197FC00DA30E4 /* Build configuration list for PBXProject "PSLventory" */ = {
			isa = XCConfigurationList;
			buildConfigurations = (
				78C9A1942E4197FE00DA30E4 /* Debug */,
				78C9A1952E4197FE00DA30E4 /* Release */,
			);
			defaultConfigurationIsVisible = 0;
			defaultConfigurationName = Release;
		};
		78C9A1962E4197FE00DA30E4 /* Build configuration list for PBXNativeTarget "PSLventory" */ = {
			isa = XCConfigurationList;
			buildConfigurations = (
				78C9A1972E4197FE00DA30E4 /* Debug */,
				78C9A1982E4197FE00DA30E4 /* Release */,
			);
			defaultConfigurationIsVisible = 0;
			defaultConfigurationName = Release;
		};
		78C9A1992E4197FE00DA30E4 /* Build configuration list for PBXNativeTarget "PSLventoryTests" */ = {
			isa = XCConfigurationList;
			buildConfigurations = (
				78C9A19A2E4197FE00DA30E4 /* Debug */,
				78C9A19B2E4197FE00DA30E4 /* Release */,
			);
			defaultConfigurationIsVisible = 0;
			defaultConfigurationName = Release;
		};
		78C9A19C2E4197FE00DA30E4 /* Build configuration list for PBXNativeTarget "PSLventoryUITests" */ = {
			isa = XCConfigurationList;
			buildConfigurations = (
				78C9A19D2E4197FE00DA30E4 /* Debug */,
				78C9A19E2E4197FE00DA30E4 /* Release */,
			);
			defaultConfigurationIsVisible = 0;
			defaultConfigurationName = Release;
		};
/* End XCConfigurationList section */

/* Begin XCRemoteSwiftPackageReference section */
		7898488A2E42E43B00C86EBD /* XCRemoteSwiftPackageReference "firebase-ios-sdk" */ = {
			isa = XCRemoteSwiftPackageReference;
			repositoryURL = "https://github.com/firebase/firebase-ios-sdk.git";
			requirement = {
				kind = upToNextMajorVersion;
				minimumVersion = 12.1.0;
			};
		};
/* End XCRemoteSwiftPackageReference section */

/* Begin XCSwiftPackageProductDependency section */
		7827CAB22E42F10D00F66EAD /* FirebaseAnalyticsIdentitySupport */ = {
			isa = XCSwiftPackageProductDependency;
			productName = FirebaseAnalyticsIdentitySupport;
		};
		7898488B2E42E43B00C86EBD /* FirebaseAnalytics */ = {
			isa = XCSwiftPackageProductDependency;
			package = 7898488A2E42E43B00C86EBD /* XCRemoteSwiftPackageReference "firebase-ios-sdk" */;
			productName = FirebaseAnalytics;
		};
		7898488D2E42E43B00C86EBD /* FirebaseAuth */ = {
			isa = XCSwiftPackageProductDependency;
			package = 7898488A2E42E43B00C86EBD /* XCRemoteSwiftPackageReference "firebase-ios-sdk" */;
			productName = FirebaseAuth;
		};
		7898488F2E42E43B00C86EBD /* FirebaseDatabase */ = {
			isa = XCSwiftPackageProductDependency;
			package = 7898488A2E42E43B00C86EBD /* XCRemoteSwiftPackageReference "firebase-ios-sdk" */;
			productName = FirebaseDatabase;
		};
		789848912E42E43B00C86EBD /* FirebaseFirestore */ = {
			isa = XCSwiftPackageProductDependency;
			package = 7898488A2E42E43B00C86EBD /* XCRemoteSwiftPackageReference "firebase-ios-sdk" */;
			productName = FirebaseFirestore;
		};
		789848932E42E43B00C86EBD /* FirebaseFirestoreCombine-Community */ = {
			isa = XCSwiftPackageProductDependency;
			package = 7898488A2E42E43B00C86EBD /* XCRemoteSwiftPackageReference "firebase-ios-sdk" */;
			productName = "FirebaseFirestoreCombine-Community";
		};
		789848952E42E43B00C86EBD /* FirebaseFunctions */ = {
			isa = XCSwiftPackageProductDependency;
			package = 7898488A2E42E43B00C86EBD /* XCRemoteSwiftPackageReference "firebase-ios-sdk" */;
			productName = FirebaseFunctions;
		};
		789848972E42E43B00C86EBD /* FirebaseStorage */ = {
			isa = XCSwiftPackageProductDependency;
			package = 7898488A2E42E43B00C86EBD /* XCRemoteSwiftPackageReference "firebase-ios-sdk" */;
			productName = FirebaseStorage;
		};
/* End XCSwiftPackageProductDependency section */
	};
	rootObject = 78C9A16C2E4197FC00DA30E4 /* Project object */;
}
